hash: 9d34aa2e0da0c9c1a67125991a4086c2c1e12cbc4ef15138dfd5d2e90bed47a0
updated: 2018-03-23T14:27:50.906360525-04:00
imports:
- name: github.com/alecthomas/template
  version: a0175ee3bccc567396460bf5acd36800cb10c49c
  subpackages:
  - parse
- name: github.com/alecthomas/units
  version: 2efee857e7cfd4f3d0138cc3cbb1b4966962b93a
- name: github.com/beorn7/perks
  version: 3a771d992973f24aa725d07868b467d1ddfceafb
  subpackages:
  - quantile
- name: github.com/blackducksoftware/hub-client-go
  version: 0a45c9b235d6b5dfe73bcc1e17537eac2b302490
  repo: git@github.com:blackducksoftware/hub-client-go.git
  vcs: git
  subpackages:
  - hubapi
  - hubclient
- name: github.com/blackducksoftware/perceptor
  version: 1e7f832d66373a5f7ba86360227a26564c5e2c7b
  repo: git@github.com:blackducksoftware/perceptor.git
  vcs: git
  subpackages:
  - pkg/api
  - pkg/core
  - pkg/core/actions
  - pkg/core/model
  - pkg/hub
  - pkg/logging
- name: github.com/fsnotify/fsnotify
  version: c2828203cd70a50dcccfb2761f8b1f8ceef9a8e9
- name: github.com/golang/protobuf
  version: bbd03ef6da3a115852eaf24c8a1c46aeb39aa175
  subpackages:
  - proto
- name: github.com/hashicorp/hcl
  version: f40e974e75af4e271d97ce0fc917af5898ae7bda
  subpackages:
  - hcl/ast
  - hcl/parser
  - hcl/scanner
  - hcl/strconv
  - hcl/token
  - json/parser
  - json/scanner
  - json/token
- name: github.com/magiconair/properties
  version: 2c9e9502788518c97fe44e8955cd069417ee89df
- name: github.com/matttproud/golang_protobuf_extensions
  version: c12348ce28de40eed0136aa2b644d0ee0650e56c
  subpackages:
  - pbutil
- name: github.com/mitchellh/mapstructure
  version: 00c29f56e2386353d58c599509e8dc3801b0d716
- name: github.com/pelletier/go-toml
  version: 05bcc0fb0d3e60da4b8dd5bd7e0ea563eb4ca943
- name: github.com/prometheus/client_golang
  version: 967789050ba94deca04a5e84cce8ad472ce313c1
  subpackages:
  - prometheus
- name: github.com/prometheus/client_model
  version: 99fa1f4be8e564e8a6b613da7fa6f46c9edafc6c
  subpackages:
  - go
- name: github.com/prometheus/common
  version: e4aa40a9169a88835b849a6efb71e05dc04b88f0
  subpackages:
  - expfmt
  - internal/bitbucket.org/ww/goautoneg
  - log
  - model
- name: github.com/prometheus/procfs
  version: 780932d4fbbe0e69b84c34c20f5c8d0981e109ea
  subpackages:
  - internal/util
  - nfs
  - xfs
- name: github.com/sirupsen/logrus
  version: d682213848ed68c0a260ca37d6dd5ace8423f5ba
- name: github.com/spf13/afero
  version: a880a37ed1804d98f64b3b7d58b5e3f8fbf421c4
  subpackages:
  - mem
- name: github.com/spf13/cast
  version: 8965335b8c7107321228e3e3702cab9832751bac
- name: github.com/spf13/jwalterweatherman
  version: 7c0cea34c8ece3fbeb2b27ab9b59511d360fb394
- name: github.com/spf13/pflag
  version: ee5fd03fd6acfd43e44aea0b4135958546ed8e73
- name: github.com/spf13/viper
  version: 25b30aa063fc18e48662b86996252eabdcf2f0c7
- name: golang.org/x/crypto
  version: 88942b9c40a4c9d203b82b3731787b672d6e809b
  subpackages:
  - ssh/terminal
- name: golang.org/x/sys
  version: 91ee8cde435411ca3f1cd365e8f20131aed4d0a1
  subpackages:
  - unix
  - windows
  - windows/registry
  - windows/svc/eventlog
- name: golang.org/x/text
  version: ab48842968a66deafa354805a8b031924668e059
  subpackages:
  - transform
  - unicode/norm
- name: gopkg.in/alecthomas/kingpin.v2
  version: 947dcec5ba9c011838740e680966fd7087a71d0d
- name: gopkg.in/yaml.v2
  version: 7f97868eec74b32b0982dd158a51a446d1da7eb5
testImports: []
