# This file is autogenerated, do not edit; changes may be undone by the next 'dep ensure'.


[[projects]]
  branch = "master"
  name = "github.com/beorn7/perks"
  packages = ["quantile"]
  revision = "3a771d992973f24aa725d07868b467d1ddfceafb"

[[projects]]
  branch = "master"
  name = "github.com/blackducksoftware/hub-client-go"
  packages = [
    "hubapi",
    "hubclient"
  ]
  revision = "940138f994024143ee604ff0821f08ed2b597f9c"

[[projects]]
  branch = "ophelia"
  name = "github.com/blackducksoftware/perceptor"
  packages = [
    "pkg/api",
    "pkg/core",
    "pkg/core/actions",
    "pkg/core/model",
    "pkg/datastructures",
    "pkg/hub",
    "pkg/logging"
  ]
  revision = "1d1b71628bb559b9a5927cbc33f640f16a85b93e"

[[projects]]
  name = "github.com/fsnotify/fsnotify"
  packages = ["."]
  revision = "c2828203cd70a50dcccfb2761f8b1f8ceef9a8e9"
  version = "v1.4.7"

[[projects]]
  name = "github.com/go-resty/resty"
  packages = ["."]
  revision = "fccc498aed22c31ff3768bcac00795f94149a21d"
  version = "v1.7.0"

[[projects]]
  name = "github.com/golang/protobuf"
  packages = ["proto"]
  revision = "b4deda0973fb4c70b50d226b1af49f3da59f5265"
  version = "v1.1.0"

[[projects]]
  branch = "master"
  name = "github.com/hashicorp/hcl"
  packages = [
    ".",
    "hcl/ast",
    "hcl/parser",
    "hcl/printer",
    "hcl/scanner",
    "hcl/strconv",
    "hcl/token",
    "json/parser",
    "json/scanner",
    "json/token"
  ]
  revision = "ef8a98b0bbce4a65b5aa4c368430a80ddc533168"

[[projects]]
  name = "github.com/magiconair/properties"
  packages = ["."]
  revision = "c2353362d570a7bfa228149c62842019201cfb71"
  version = "v1.8.0"

[[projects]]
  name = "github.com/matttproud/golang_protobuf_extensions"
  packages = ["pbutil"]
  revision = "c12348ce28de40eed0136aa2b644d0ee0650e56c"
  version = "v1.0.1"

[[projects]]
  branch = "master"
  name = "github.com/mitchellh/mapstructure"
  packages = ["."]
  revision = "f15292f7a699fcc1a38a80977f80a046874ba8ac"

[[projects]]
  name = "github.com/onsi/ginkgo"
  packages = [
    ".",
    "config",
    "internal/codelocation",
    "internal/containernode",
    "internal/failer",
    "internal/leafnodes",
    "internal/remote",
    "internal/spec",
    "internal/spec_iterator",
    "internal/specrunner",
    "internal/suite",
    "internal/testingtproxy",
    "internal/writer",
    "reporters",
    "reporters/stenographer",
    "reporters/stenographer/support/go-colorable",
    "reporters/stenographer/support/go-isatty",
    "types"
  ]
  revision = "fa5fabab2a1bfbd924faf4c067d07ae414e2aedf"
  version = "v1.5.0"

[[projects]]
  name = "github.com/onsi/gomega"
  packages = [
    ".",
    "format",
    "internal/assertion",
    "internal/asyncassertion",
    "internal/oraclematcher",
    "internal/testingtsupport",
    "matchers",
    "matchers/support/goraph/bipartitegraph",
    "matchers/support/goraph/edge",
    "matchers/support/goraph/node",
    "matchers/support/goraph/util",
    "types"
  ]
  revision = "62bff4df71bdbc266561a0caee19f0594b17c240"
  version = "v1.4.0"

[[projects]]
  name = "github.com/pelletier/go-toml"
  packages = ["."]
  revision = "c01d1270ff3e442a8a57cddc1c92dc1138598194"
  version = "v1.2.0"

[[projects]]
  name = "github.com/prometheus/client_golang"
  packages = ["prometheus"]
  revision = "967789050ba94deca04a5e84cce8ad472ce313c1"
  version = "v0.9.0-pre1"

[[projects]]
  branch = "master"
  name = "github.com/prometheus/client_model"
  packages = ["go"]
  revision = "5c3871d89910bfb32f5fcab2aa4b9ec68e65a99f"

[[projects]]
  branch = "master"
  name = "github.com/prometheus/common"
  packages = [
    "expfmt",
    "internal/bitbucket.org/ww/goautoneg",
    "model"
  ]
  revision = "7600349dcfe1abd18d72d3a1770870d9800a7801"

[[projects]]
  branch = "master"
  name = "github.com/prometheus/procfs"
  packages = [
    ".",
    "internal/util",
    "nfs",
    "xfs"
  ]
  revision = "ae68e2d4c00fed4943b5f6698d504a5fe083da8a"

[[projects]]
  name = "github.com/sirupsen/logrus"
  packages = ["."]
  revision = "c155da19408a8799da419ed3eeb0cb5db0ad5dbc"
  version = "v1.0.5"

[[projects]]
  name = "github.com/spf13/afero"
  packages = [
    ".",
    "mem"
  ]
  revision = "787d034dfe70e44075ccc060d346146ef53270ad"
  version = "v1.1.1"

[[projects]]
  name = "github.com/spf13/cast"
  packages = ["."]
  revision = "8965335b8c7107321228e3e3702cab9832751bac"
  version = "v1.2.0"

[[projects]]
  branch = "master"
  name = "github.com/spf13/jwalterweatherman"
  packages = ["."]
  revision = "7c0cea34c8ece3fbeb2b27ab9b59511d360fb394"

[[projects]]
  name = "github.com/spf13/pflag"
  packages = ["."]
  revision = "583c0c0531f06d5278b7d917446061adc344b5cd"
  version = "v1.0.1"

[[projects]]
  name = "github.com/spf13/viper"
  packages = ["."]
  revision = "b5e8006cbee93ec955a89ab31e0e3ce3204f3736"
  version = "v1.0.2"

[[projects]]
  branch = "master"
  name = "golang.org/x/crypto"
  packages = ["ssh/terminal"]
  revision = "a49355c7e3f8fe157a85be2f77e6e269a0f89602"

[[projects]]
  branch = "master"
  name = "golang.org/x/net"
  packages = [
    "html",
    "html/atom",
    "html/charset",
    "idna",
    "publicsuffix"
  ]
  revision = "d0887baf81f4598189d4e12a37c6da86f0bba4d0"

[[projects]]
  branch = "master"
  name = "golang.org/x/sys"
  packages = [
    "unix",
    "windows"
  ]
  revision = "ac767d655b305d4e9612f5f6e33120b9176c4ad4"

[[projects]]
  name = "golang.org/x/text"
  packages = [
    "collate",
    "collate/build",
    "encoding",
    "encoding/charmap",
    "encoding/htmlindex",
    "encoding/internal",
    "encoding/internal/identifier",
    "encoding/japanese",
    "encoding/korean",
    "encoding/simplifiedchinese",
    "encoding/traditionalchinese",
    "encoding/unicode",
    "internal/colltab",
    "internal/gen",
    "internal/tag",
    "internal/triegen",
    "internal/ucd",
    "internal/utf8internal",
    "language",
    "runes",
    "secure/bidirule",
    "transform",
    "unicode/bidi",
    "unicode/cldr",
    "unicode/norm",
    "unicode/rangetable"
  ]
  revision = "f21a4dfb5e38f5895301dc265a8def02365cc3d0"
  version = "v0.3.0"

[[projects]]
  name = "gopkg.in/yaml.v2"
  packages = ["."]
  revision = "5420a8b6744d3b0345ab293f6fcba19c978f1183"
  version = "v2.2.1"

[solve-meta]
  analyzer-name = "dep"
  analyzer-version = 1
  inputs-digest = "6f957d28179ec50cdfdedee1f8a797cbfc948cfd0e1b86daeb4f12e63094c32d"
  solver-name = "gps-cdcl"
  solver-version = 1
